{
    "_meta": {
        "hash": {
            "sha256": "6420ee01bf23afe1a54e11094565d8cf2f61c3523eb4644e54f8bda6d2f61573"
        },
        "pipfile-spec": 6,
        "requires": {
            "python_version": "3.11"
        },
        "sources": [
            {
                "name": "pypi",
                "url": "https://pypi.org/simple",
                "verify_ssl": true
            }
        ]
    },
    "default": {
        "biopython": {
            "hashes": [
                "sha256:11d673698b3d0d6589292ea951fb62cb24ea27d273eca0d08dbbd956690f97f5",
                "sha256:2cf38112b6d8415ad39d6a611988cd11fb5f33eb09346666a87263beba9614e0",
                "sha256:2f9cfaf16d55ab80d514e7aebe5710dabe4e4ff47ede851031202e33b3249da3",
                "sha256:35506e39822c52d11cf09a3951e82375ca1bb9303960b4286acf02c9a6f6c4cc",
                "sha256:3b36ba1bf6395c09a365c53530c9d71f3617763fa2c1d452b3d8948368c0f1de",
                "sha256:655df416936662c0c8a06a549cb25e1560e1fea5067d850f34fb714b8a3fae6c",
                "sha256:65b93b513ce9dd7b2ce058720eadf42cd03f312db3409356efeb93123d1320aa",
                "sha256:6ebfbce0d91796c7aef422ee9dffe8827e07e5abaa94545e006f1f20e965c80b",
                "sha256:762c6c43a8486b5fcd07f136a3217b87d24755618b9ea9da1f17124ff44c2ad6",
                "sha256:793c42a376cd63f62f8a088ce39b7dc6b5c55e4e9031d887c434de1595bfa4b8",
                "sha256:7a168709694e10b338718c18d967edd5b56c237dc88642c22275796007a70000",
                "sha256:7c5c07123ff5f44c9e6b5369df854a38afd3c0c50ef58498a0ae8f7eb799f3e8",
                "sha256:811796f8d222aa3869a50e31e54ce62b69106b47cd8bb06934867c0d843297b5",
                "sha256:8bb0c690c7368f255ed45236bf0f5464b476b8c083c8f634533921af78278261",
                "sha256:919a2c583cabf9c96d2ae4e1245a6b0376932fb342aca302a0fc198b71ab3275",
                "sha256:97cbdbed01b2512471f36c74b91658d1dfbdcbf39bc038f6ce5a41c3e60a8fc6",
                "sha256:9ba33244f0eff830beaa7240065bdb5095d96fded6599b76bbb9ddab45cd2bbd",
                "sha256:a51d9c1d1b4b634447535da74a644fae59bc234fbbf9001e2dc6b6fbabb98019",
                "sha256:b09efcb4733c8770f25eab5fe555a96a08f5ab9e1bc36939e08ebf2ffbf3e0f1",
                "sha256:b37c0d24191e5c96ca02415a5188551980c83a0d518bbc4ffe3c9a5d1fe0ee81",
                "sha256:ccd729249fd5f586dd4c2a3507c2ea2456825d7e615e97c07c409c850eaf4594",
                "sha256:e41b55edcfd448630e77bf4de66a7235324a8a149621499891da6bd1d5085b9a",
                "sha256:ee51bb1cd7decffd24da6b76d5e01b7e2fd818ab85cf0c180226cbb5793a3abd",
                "sha256:ef7c79b65b0b3f3c7dc59e20a7f8ae5758d8e852cb8b9cace590dc5617e348ba"
            ],
            "index": "pypi",
            "version": "==1.81"
        },
        "bitarray": {
            "hashes": [
                "sha256:00ff372dfaced7dd6cc2dffd052fafc118053cf81a442992b9a23367479d77d7",
                "sha256:0cc066c7290151600b8872865708d2d00fb785c5db8a0df20d70d518e02f172b",
                "sha256:0de1bc5f971aba46de88a4eb0dbb5779e30bbd7514f4dcbff743c209e0c02667",
                "sha256:1414582b3b7516d2282433f0914dd9846389b051b2aea592ae7cc165806c24ac",
                "sha256:17c32ba584e8fb9322419390e0e248769ed7d59de3ffa7432562a4c0ec4f1f82",
                "sha256:18530ed3ddd71e9ff95440afce531efc3df7a3e0657f1c201c2c3cb41dd65869",
                "sha256:1a0d27aad02d8abcb1d3b7d85f463877c4937e71adf9b6adb9367f2cdad91a52",
                "sha256:1e859c664500d57526fe07140889a3b58dca54ff3b16ac6dc6d534a65c933084",
                "sha256:214c05a7642040f6174e29f3e099549d3c40ac44616405081bf230dcafb38767",
                "sha256:28dee92edd0d21655e56e1870c22468d0dabe557df18aa69f6d06b1543614180",
                "sha256:29e19cb80a69f6d1a64097bfbe1766c418e1a785d901b583ef0328ea10a30399",
                "sha256:2aa2267eb6d2b88ef7d139e79a6daaa84cd54d241b9797478f10dcb95a9cd620",
                "sha256:2ab81c74a1805fe74330859b38e70d7525cdd80953461b59c06660046afaffcf",
                "sha256:2b0f754a5791635b8239abdcc0258378111b8ee7a8eb3e2bbc24bcc48a0f0b08",
                "sha256:2b977c39e3734e73540a2e3a71501c2c6261c70c6ce59d427bb7c4ecf6331c7e",
                "sha256:2d38ceca90ed538706e3f111513073590f723f90659a7af0b992b29776a6e816",
                "sha256:2d3f28a80f2e6bb96e9360a4baf3fbacb696b5aba06a14c18a15488d4b6f398f",
                "sha256:2dc064a63445366f6b26eaf77230d326b9463e903ba59d6ff5efde0c5ec1ea0e",
                "sha256:3024ab4c4906c3681408ca17c35833237d18813ebb9f24ae9f9e3157a4a66939",
                "sha256:3243e4b8279ff2fe4c6e7869f0e6930c17799ee9f8d07317f68d44a66b46281e",
                "sha256:3994f7dc48d21af40c0d69fca57d8040b02953f4c7c3652c2341d8947e9cbedf",
                "sha256:3b999fb66980f885961d197d97d7ff5a13b7ab524ccf45ccb4704f4b82ce02e3",
                "sha256:3bb5f2954dd897b0bac13b5449e5c977534595b688120c8af054657a08b01f46",
                "sha256:443726af4bd60515e4e41ea36c5dbadb29a59bc799bcbf431011d1c6fd4363e3",
                "sha256:4677477a406f2a9e064920463f69172b865e4d69117e1f2160064d3f5912b0bd",
                "sha256:46fdd27c8fa4186d8b290bf74a28cbd91b94127b1b6a35c265a002e394fa9324",
                "sha256:4a637bcd199c1366c65b98f18884f0d0b87403f04676b21e4635831660d722a7",
                "sha256:4ce2ef9291a193a0e0cd5e23970bf3b682cc8b95220561d05b775b8d616d665f",
                "sha256:542358b178b025dcc95e7fb83389e9954f701c41d312cbb66bdd763cbe5414b5",
                "sha256:55020d6fb9b72bd3606969f5431386c592ed3666133bd475af945aa0fa9e84ec",
                "sha256:57aeab27120a8a50917845bb81b0976e33d4759f2156b01359e2b43d445f5127",
                "sha256:5934e3a623a1d485e1dcfc1990246e3c32c6fc6e7f0fd894750800d35fdb5794",
                "sha256:5b0493ab66c6b8e17e9fde74c646b39ee09c236cf28a787cb8cbd3a83c05bff7",
                "sha256:5f6175c1cf07dadad3213d60075704cf2e2f1232975cfd4ac8328c24a05e8f78",
                "sha256:6033303431a7c85a535b3f1b0ec28abc2ebc2167c263f244993b56ccb87cae6b",
                "sha256:62ac31059a3c510ef64ed93d930581b262fd4592e6d95ede79fca91e8d3d3ef6",
                "sha256:63fa75e87ad8c57d5722cc87902ca148ef8bbbba12b5c5b3c3730a1bc9ac2886",
                "sha256:67e8fb18df51e649adbc81359e1db0f202d72708fba61b06f5ac8db47c08d107",
                "sha256:69ab51d551d50e4d6ca35abc95c9d04b33ad28418019bb5481ab09bdbc0df15c",
                "sha256:6be965028785413a6163dd55a639b898b22f67f9b6ed554081c23e94a602031e",
                "sha256:6c26a923080bc211cab8f5a5e242e3657b32951fec8980db0616e9239aade482",
                "sha256:6df04efdba4e1bf9d93a1735e42005f8fcf812caf40c03934d9322412d563499",
                "sha256:6ea51ba4204d086d5b76e84c31d2acbb355ed1b075ded54eb9b7070b0b95415d",
                "sha256:741c3a2c0997c8f8878edfc65a4a8f7aa72eede337c9bc0b7bd8a45cf6e70dbc",
                "sha256:74cd1725d08325b6669e6e9a5d09cec29e7c41f7d58e082286af5387414d046d",
                "sha256:75104c3076676708c1ac2484ebf5c26464fb3850312de33a5b5bf61bfa7dbec5",
                "sha256:797de3465f5f6c6be9a412b4e99eb6e8cdb86b83b6756655c4d83a65d0b9a376",
                "sha256:7b29d4bf3d3da1847f2be9e30105bf51caaf5922e94dc827653e250ed33f4e8a",
                "sha256:7c17dd8fb146c2c680bf1cb28b358f9e52a14076e44141c5442148863ee95d7d",
                "sha256:81e83ed7e0b1c09c5a33b97712da89e7a21fd3e5598eff3975c39540f5619792",
                "sha256:82bfb6ab9b1b5451a5483c9a2ae2a8f83799d7503b384b54f6ab56ea74abb305",
                "sha256:8367768ab797105eb97dfbd4577fcde281618de4d8d3b16ad62c477bb065f347",
                "sha256:843af12991161b358b6379a8dc5f6636798f3dacdae182d30995b6a2df3b263e",
                "sha256:848af80518d0ed2aee782018588c7c88805f51b01271935df5b256c8d81c726e",
                "sha256:861850d6a58e7b6a7096d0b0efed9c6d993a6ab8b9d01e781df1f4d80cc00efa",
                "sha256:8c361201e1c3ee6d6b2266f8b7a645389880bccab1b29e22e7a6b7b6e7831ad5",
                "sha256:904719fb7304d4115228b63c178f0cc725ad3b73e285c4b328e45a99a8e3fad6",
                "sha256:9061c0a50216f24c97fb2325de84200e5ad5555f25c854ddcb3ceb6f12136055",
                "sha256:9186cf8135ca170cd907d8c4df408a87747570d192d89ec4ff23805611c702a0",
                "sha256:9336300fd0acf07ede92e424930176dc4b43ef1b298489e93ba9a1695e8ea752",
                "sha256:9aad7b4670f090734b272c072c9db375c63bd503512be9a9393e657dcacfc7e2",
                "sha256:9b65d487451e0e287565c8436cf4da45260f958f911299f6122a20d7ec76525c",
                "sha256:9d5df3d6358425c9dfb6bdbd4f576563ec4173d24693a9042d05aadcb23c0b98",
                "sha256:9d6a9c72354327c7aa9890ff87904cbe86830cb1fb58c39750a0afac8df5e051",
                "sha256:9fed8aba8d1b09cf641b50f1e6dd079c31677106ea4b63ec29f4c49adfabd63f",
                "sha256:a04d4851e83730f03c4a6aac568c7d8b42f78f0f9cc8231d6db66192b030ce1e",
                "sha256:a0f6d705860f59721d7282496a4d29b5fd78690e1c1473503832c983e762b01b",
                "sha256:aa08a9b03888c768b9b2383949a942804d50d8164683b39fe62f0bfbfd9b4204",
                "sha256:ad440c17ef2ff42e94286186b5bcf82bf87c4026f91822675239102ebe1f7035",
                "sha256:ae32ac7217e83646b9f64d7090bf7b737afaa569665621f110a05d9738ca841a",
                "sha256:b2015a9dd718393e814ff7b9e80c58190eb1cef7980f86a97a33e8440e158ce2",
                "sha256:b2560475c5a1ff96fcab01fae7cf6b9a6da590f02659556b7fccc7991e401884",
                "sha256:b65a04b2e029b0694b52d60786732afd15b1ec6517de61a36afbb7808a2ffac1",
                "sha256:b67733a240a96f09b7597af97ac4d60c59140cfcfd180f11a7221863b82f023a",
                "sha256:b8d6e5ff385fea25caf26fd58b43f087deb763dcaddd18d3df2895235cf1b484",
                "sha256:bc03bb358ae3917247d257207c79162e666d407ac473718d1b95316dac94162b",
                "sha256:bf80804014e3736515b84044c2be0e70080616b4ceddd4e38d85f3167aeb8165",
                "sha256:c2426dc7a0d92d8254def20ab7a231626397ce5b6fb3d4f44be74cc1370a60c3",
                "sha256:c54b0af16be45de534af9d77e8a180126cd059f72db8b6550f62dda233868942",
                "sha256:c5582dd7d906e6f9ec1704f99d56d812f7d395d28c02262bc8b50834d51250c3",
                "sha256:c9efcee311d9ba0c619743060585af9a9b81496e97b945843d5e954c67722a75",
                "sha256:cbe54685cf6b17b3e15faf6c4b76773bc1c484bc447020737d2550a9dde5f6e6",
                "sha256:cf38871ed4cd89df9db7c70f729b948fa3e2848a07c69f78e4ddfbe4f23db63c",
                "sha256:d175e16419a52d54c0ac44c93309ba76dc2cfd33ee9d20624f1a5eb86b8e162e",
                "sha256:d2f13b7d0694ce2024c82fc595e6ccc3918e7f069747c3de41b1ce72a9a1e346",
                "sha256:d32ccd2c0d906eae103ef84015f0545a395052b0b6eb0e02e9023ca0132557f6",
                "sha256:d34790a919f165b6f537935280ef5224957d9ce8ab11d339f5e6d0319a683ccc",
                "sha256:dc7acffee09822b334d1b46cd384e969804abdf18f892c82c05c2328066cd2ae",
                "sha256:dd76bbf5a4b2ab84b8ffa229f5648e80038ba76bf8d7acc5de9dd06031b38117",
                "sha256:df9d8a9a46c46950f306394705512553c552b633f8bf3c11359c4204289f11e3",
                "sha256:e48c45ea7944225bcee026c457a70eaea61db3659d9603f07fc8a643ab7e633b",
                "sha256:e4cd81ffd2d58ef68c22c825aff89f4a47bd721e2ada0a3a96793169f370ae21",
                "sha256:e68ceef35a88625d16169550768fcc8d3894913e363c24ecbf6b8c07eb02c8f3",
                "sha256:e7f7231ef349e8f4955d9b39561f4683a418a73443cfce797a4eddbee1ba9664",
                "sha256:e88a706f92ad1e0e1e66f6811d10b6155d5f18f0de9356ee899a7966a4e41992",
                "sha256:ea71e0a50060f96ad0821e0ac785e91e44807f8b69555970979d81934961d5bd",
                "sha256:ee772c20dcb56b03d666a4e4383d0b5b942b0ccc27815e42fe0737b34cba2082",
                "sha256:f0af01e1f61fe627f63648c0c6f52de8eac56710a2ef1dbce4851d867084cc7e",
                "sha256:f30cdce22af3dc7c73e70af391bfd87c4574cc40c74d651919e20efc26e014b5",
                "sha256:f3128234bde3629ab301a501950587e847d30031a9cbf04d95f35cbf44469a9e",
                "sha256:f7d2ec2174d503cbb092f8353527842633c530b4e03b9922411640ac9c018a19",
                "sha256:f9a66745682e175e143a180524a63e692acb2b8c86941073f6dd4ee906e69608"
            ],
            "index": "pypi",
            "version": "==2.8.1"
        },
        "llvmlite": {
            "hashes": [
                "sha256:09f83ea7a54509c285f905d968184bba00fc31ebf12f2b6b1494d677bb7dde9b",
                "sha256:0c23edd196bd797dc3a7860799054ea3488d2824ecabc03f9135110c2e39fcbc",
                "sha256:3673c53cb21c65d2ff3704962b5958e967c6fc0bd0cff772998face199e8d87b",
                "sha256:39a0b4d0088c01a469a5860d2e2d7a9b4e6a93c0f07eb26e71a9a872a8cadf8d",
                "sha256:467b43836b388eaedc5a106d76761e388dbc4674b2f2237bc477c6895b15a634",
                "sha256:4a7525db121f2e699809b539b5308228854ccab6693ecb01b52c44a2f5647e20",
                "sha256:5b3076dc4e9c107d16dc15ecb7f2faf94f7736cd2d5e9f4dc06287fd672452c1",
                "sha256:5cdb0d45df602099d833d50bd9e81353a5e036242d3c003c5b294fc61d1986b4",
                "sha256:7b37297f3cbd68d14a97223a30620589d98ad1890e5040c9e5fc181063f4ed49",
                "sha256:84747289775d0874e506f907a4513db889471607db19b04de97d144047fec885",
                "sha256:84ce9b1c7a59936382ffde7871978cddcda14098e5a76d961e204523e5c372fb",
                "sha256:9329b930d699699846623054121ed105fd0823ed2180906d3b3235d361645490",
                "sha256:96707ebad8b051bbb4fc40c65ef93b7eeee16643bd4d579a14d11578e4b7a647",
                "sha256:a36d9f244b6680cb90bbca66b146dabb2972f4180c64415c96f7c8a2d8b60a36",
                "sha256:a66a5bd580951751b4268f4c3bddcef92682814d6bc72f3cd3bb67f335dd7097",
                "sha256:bba2747cf5b4954e945c287fe310b3fcc484e2a9d1b0c273e99eb17d103bb0e6",
                "sha256:bbd5e82cc990e5a3e343a3bf855c26fdfe3bfae55225f00efd01c05bbda79918",
                "sha256:cda71de10a1f48416309e408ea83dab5bf36058f83e13b86a2961defed265568",
                "sha256:e2dbbb8424037ca287983b115a29adf37d806baf7e1bf4a67bd2cffb74e085ed",
                "sha256:e35766e42acef0fe7d1c43169a8ffc327a47808fae6a067b049fe0e9bbf84dd5",
                "sha256:e44f854dc11559795bcdeaf12303759e56213d42dabbf91a5897aa2d8b033810",
                "sha256:e74e7bec3235a1e1c9ad97d897a620c5007d0ed80c32c84c1d787e7daa17e4ec",
                "sha256:f643d15aacd0b0b0dc8b74b693822ba3f9a53fa63bc6a178c2dba7cc88f42144",
                "sha256:ff8f31111bb99d135ff296757dc81ab36c2dee54ed4bd429158a96da9807c316"
            ],
            "markers": "python_version >= '3.8'",
            "version": "==0.40.1"
        },
        "markdown-it-py": {
            "hashes": [
                "sha256:355216845c60bd96232cd8d8c40e8f9765cc86f46880e43a8fd22dc1a1a8cab1",
                "sha256:e3f60a94fa066dc52ec76661e37c851cb232d92f9886b15cb560aaada2df8feb"
            ],
            "markers": "python_version >= '3.8'",
            "version": "==3.0.0"
        },
        "mdurl": {
            "hashes": [
                "sha256:84008a41e51615a49fc9966191ff91509e3c40b939176e643fd50a5c2196b8f8",
                "sha256:bb413d29f5eea38f31dd4754dd7377d4465116fb207585f97bf925588687c1ba"
            ],
            "markers": "python_version >= '3.7'",
            "version": "==0.1.2"
        },
        "numba": {
            "hashes": [
                "sha256:33c0500170d213e66d90558ad6aca57d3e03e97bb11da82e6d87ab793648cb17",
                "sha256:3cf78d74ad9d289fbc1e5b1c9f2680fca7a788311eb620581893ab347ec37a7e",
                "sha256:3d6483c27520d16cf5d122868b79cad79e48056ecb721b52d70c126bed65431e",
                "sha256:4838edef2df5f056cb8974670f3d66562e751040c448eb0b67c7e2fec1726649",
                "sha256:4c078f84b5529a7fdb8413bb33d5100f11ec7b44aa705857d9eb4e54a54ff505",
                "sha256:53e9fab973d9e82c9f8449f75994a898daaaf821d84f06fbb0b9de2293dd9306",
                "sha256:5a82bf37444039c732485c072fda21a361790ed990f88db57fd6941cd5e5d307",
                "sha256:60ec56386076e9eed106a87c96626d5686fbb16293b9834f0849cf78c9491779",
                "sha256:643cb09a9ba9e1bd8b060e910aeca455e9442361e80fce97690795ff9840e681",
                "sha256:6c057ccedca95df23802b6ccad86bb318be624af45b5a38bb8412882be57a681",
                "sha256:8e00ca63c5d0ad2beeb78d77f087b3a88c45ea9b97e7622ab2ec411a868420ee",
                "sha256:93df62304ada9b351818ba19b1cfbddaf72cd89348e81474326ca0b23bf0bae1",
                "sha256:9587ba1bf5f3035575e45562ada17737535c6d612df751e811d702693a72d95e",
                "sha256:9a1b2b69448e510d672ff9a6b18d2db9355241d93c6a77677baa14bec67dc2a0",
                "sha256:9b17fbe4a69dcd9a7cd49916b6463cd9a82af5f84911feeb40793b8bce00dfa7",
                "sha256:9bcc36478773ce838f38afd9a4dfafc328d4ffb1915381353d657da7f6473282",
                "sha256:a32ee263649aa3c3587b833d6311305379529570e6c20deb0c6f4fb5bc7020db",
                "sha256:a3eac19529956185677acb7f01864919761bfffbb9ae04bbbe5e84bbc06cfc2b",
                "sha256:ae50c8c90c2ce8057f9618b589223e13faa8cbc037d8f15b4aad95a2c33a0582",
                "sha256:c0602e4f896e6a6d844517c3ab434bc978e7698a22a733cc8124465898c28fa8",
                "sha256:db8268eb5093cae2288942a8cbd69c9352f6fe6e0bfa0a9a27679436f92e4248",
                "sha256:e447c4634d1cc99ab50d4faa68f680f1d88b06a2a05acf134aa6fcc0342adeca",
                "sha256:f47dd214adc5dcd040fe9ad2adbd2192133c9075d2189ce1b3d5f9d72863ef05",
                "sha256:ff66d5b022af6c7d81ddbefa87768e78ed4f834ab2da6ca2fd0d60a9e69b94f5"
            ],
            "index": "pypi",
            "version": "==0.57.1"
        },
        "numpy": {
            "hashes": [
                "sha256:04640dab83f7c6c85abf9cd729c5b65f1ebd0ccf9de90b270cd61935eef0197f",
                "sha256:1452241c290f3e2a312c137a9999cdbf63f78864d63c79039bda65ee86943f61",
                "sha256:222e40d0e2548690405b0b3c7b21d1169117391c2e82c378467ef9ab4c8f0da7",
                "sha256:2541312fbf09977f3b3ad449c4e5f4bb55d0dbf79226d7724211acc905049400",
                "sha256:31f13e25b4e304632a4619d0e0777662c2ffea99fcae2029556b17d8ff958aef",
                "sha256:4602244f345453db537be5314d3983dbf5834a9701b7723ec28923e2889e0bb2",
                "sha256:4979217d7de511a8d57f4b4b5b2b965f707768440c17cb70fbf254c4b225238d",
                "sha256:4c21decb6ea94057331e111a5bed9a79d335658c27ce2adb580fb4d54f2ad9bc",
                "sha256:6620c0acd41dbcb368610bb2f4d83145674040025e5536954782467100aa8835",
                "sha256:692f2e0f55794943c5bfff12b3f56f99af76f902fc47487bdfe97856de51a706",
                "sha256:7215847ce88a85ce39baf9e89070cb860c98fdddacbaa6c0da3ffb31b3350bd5",
                "sha256:79fc682a374c4a8ed08b331bef9c5f582585d1048fa6d80bc6c35bc384eee9b4",
                "sha256:7ffe43c74893dbf38c2b0a1f5428760a1a9c98285553c89e12d70a96a7f3a4d6",
                "sha256:80f5e3a4e498641401868df4208b74581206afbee7cf7b8329daae82676d9463",
                "sha256:95f7ac6540e95bc440ad77f56e520da5bf877f87dca58bd095288dce8940532a",
                "sha256:9667575fb6d13c95f1b36aca12c5ee3356bf001b714fc354eb5465ce1609e62f",
                "sha256:a5425b114831d1e77e4b5d812b69d11d962e104095a5b9c3b641a218abcc050e",
                "sha256:b4bea75e47d9586d31e892a7401f76e909712a0fd510f58f5337bea9572c571e",
                "sha256:b7b1fc9864d7d39e28f41d089bfd6353cb5f27ecd9905348c24187a768c79694",
                "sha256:befe2bf740fd8373cf56149a5c23a0f601e82869598d41f8e188a0e9869926f8",
                "sha256:c0bfb52d2169d58c1cdb8cc1f16989101639b34c7d3ce60ed70b19c63eba0b64",
                "sha256:d11efb4dbecbdf22508d55e48d9c8384db795e1b7b51ea735289ff96613ff74d",
                "sha256:dd80e219fd4c71fc3699fc1dadac5dcf4fd882bfc6f7ec53d30fa197b8ee22dc",
                "sha256:e2926dac25b313635e4d6cf4dc4e51c8c0ebfed60b801c799ffc4c32bf3d1254",
                "sha256:e98f220aa76ca2a977fe435f5b04d7b3470c0a2e6312907b37ba6068f26787f2",
                "sha256:ed094d4f0c177b1b8e7aa9cba7d6ceed51c0e569a5318ac0ca9a090680a6a1b1",
                "sha256:f136bab9c2cfd8da131132c2cf6cc27331dd6fae65f95f69dcd4ae3c3639c810",
                "sha256:f3a86ed21e4f87050382c7bc96571755193c4c1392490744ac73d660e8f564a9"
            ],
            "markers": "python_version >= '3.8'",
            "version": "==1.24.4"
        },
        "pigz-python": {
            "hashes": [
                "sha256:2d85b7aedb62b3a4a28c9332629c4af0582eac101e2d7bb836b1193cc6926065",
                "sha256:47720a2e7ecb786ebaa927353e8a887878a769e5965772e15d09485a921a5564"
            ],
            "index": "pypi",
            "version": "==1.0.1"
        },
        "pybind11": {
            "hashes": [
                "sha256:00cd59116a6e8155aecd9174f37ba299d1d397ed4a6b86ac1dfe01b3e40f2cc4",
                "sha256:33cdd02a6453380dd71cc70357ce388ad1ee8d32bd0e38fc22b273d050aa29b3"
            ],
            "index": "pypi",
            "version": "==2.11.1"
        },
        "pyfastx": {
            "hashes": [
                "sha256:00127dd64a36c839c81faa0b48166cd9014dc745501fed5ae0d715d160bb2669",
                "sha256:06a8b3ba0f1a8f97ce9b809eee75e050d6c6661269c4418ff9c323248211305a",
                "sha256:0bdeb12cd7142b6787643743118d773f4ef0dcbd7600b437b4a1c9e4dbce2329",
                "sha256:0c3f853478f2e2773f069c82cc91e3a60228858d7e5aba1d300041b6d6d9cc57",
                "sha256:0d9a7d175689a7588ad7d86fe066e827a336af62abf9bd99c1fc48a2b1511365",
                "sha256:0eb65b81db2141008a9d733c92bff4dcbc8505e614508891056177e7d3a36a2b",
                "sha256:115cee241cbc58dcb75576bc27d84e080e411e34eab2c8dade4cccd51f8b9a42",
                "sha256:13ac78c942005d85db25116a54a6d228a9df890c1f0b3db77688365bfa0cf5ef",
                "sha256:16725468108ea925d9f74aeccf93edaca81cc2b3db62c6f9f21390982d6e90a1",
                "sha256:1f999081c12adc008260a140213b76778baef2455ff88e63c330a85cc184ae8a",
                "sha256:26bdc96f06bd17b45fbd345ad3256e9891ca7527f38e3c55c9a673366eaec2ba",
                "sha256:2796342344f283dc116d02eb6eeb8e8ec5a190a57357744a4c962f88785bce13",
                "sha256:32e64a1092ee8dae96db1e296103dd16ea6a315fda93fdd3075bc13f8bea51f9",
                "sha256:32f2a0f28fbd9ac9183d52e34c3b73e2651016fcd7511579ef9a751fb58bc827",
                "sha256:35e587e46855560dfc35457a39bb3b5c2f90460491dcc9a85a6505a4a01e92f3",
                "sha256:398e0736974b1e89e265b20e2170724fd792da783cafa712169383bc6b8b7cd9",
                "sha256:3eba1feff6c685be43c9cb64265b09982b377f5a7e4da7c65b53f9edaf4b1c68",
                "sha256:3f84e8b949ed682aaeb25f0daf17e472100a75e590e1172a96222304cb1cf0ee",
                "sha256:5094f3e690adaae5ab08ebaed2440b3f0dc78f70a6a64b32e3543e2d6ba20272",
                "sha256:5624270909d3a699de3f16aa73f5c07e15cda9f1a4024369c91ecd4f55a7ff7a",
                "sha256:5715ffdec35bd2b09cf42d6bc42f3931b99297c89cd56181a6f5061636b763d6",
                "sha256:574161ad7e90dbabf0e2b8c02fe84e9f7c66b745b50a4e20999369977b430bf6",
                "sha256:5aff96c6e61ab3bd41aed642e7df995c7697cc2e6bdfac7c3e21a6d4648219e9",
                "sha256:5c6cfcac16b1901a47f46bdbc69899057d9d23ca326073a8bde0535868dcb050",
                "sha256:5e4b7f63c924e07e44e0330f1e19c29c82480f1987996ca7c6860af12d543ae7",
                "sha256:6081041124eeaf31197642707350dfc344a82aaea1b9e39df6c52f874ca32fed",
                "sha256:639ed449e05213f99ba8382d64da4f6296fbe41173970d6a0f6f280c4d46c0a9",
                "sha256:651457187db8f78fd55984e43361a593a705b65fe6cf5b02907f49e81e55be8d",
                "sha256:6c1dd06f0ca707d93154154f3997decae857fe6e23caecec7a9068880edd8114",
                "sha256:6da167972ff62fee53ed0f71a3b583738cc2626f958dedef0c6df33303b6e05d",
                "sha256:6fe98c295ba28b55194b064eb39d19c5d793bbcb355a02b84d3a5272a06459be",
                "sha256:73d7b1907255525e39b6549032017a492189e50acf88e2d613d35addced48ef5",
                "sha256:7576cacddb45fb3790000933b313d37c7f6bf3e100e4db5d9275e5c2092c02ad",
                "sha256:7c5ca04231979e1957a8f5a43e45f8b58126723a46a0dc6d149405fc7d1ad7b8",
                "sha256:7d22909275859e74a756276db45f4f623eb22516533230af70266c2031f9e8f9",
                "sha256:84c2f98557ba175dcbc92602412e1b8bfab45a80633e61f8f58c43d84f738049",
                "sha256:92c7ffecbec3f4f25174705a1edf2c34d3470305c3774be1b3b2b7b4860bac88",
                "sha256:9b788d310046bf562b3dd17faf28330ca27bd2eeb8d9458b0a7b007e55c49d6e",
                "sha256:9e57a04c106654c664eb726b3e3965520d254db57022e2f59373b2db0914ef73",
                "sha256:a2c651951f7fe79fa614cb464986e2cafda544400addab68d1fb03e0087e3b92",
                "sha256:a34db6a651d85376f38e81f4e39bc2f892cc2721a2c06051ef25b5929c240c7d",
                "sha256:a9f225cc8018bb7db095e2d5054f1b3e300104ec6e89911e422406af46df3a45",
                "sha256:aa5d34a30fd3249a1df4996af7027f7576564434d2abdcaf08f08787ec157325",
                "sha256:ad83a397664973b642833c47c14f67fbe605312f1dc67b2df5432a24008a64bf",
                "sha256:b00c44fa15e3a25395573d9d4f5cfdf3b1699f292f7921666501dae131c4f15c",
                "sha256:b127481831d4e66f3ecbc093a35ea918b96dadbbb4c17b79e9d2e0029681fcf0",
                "sha256:b5834041124274a9accd5f4f62ac14ca314c22a39a40642cd43163821d9f3d6e",
                "sha256:c00a8fba69148d82e257675140d9e67e3a5f64c20946b39cd205675ec50203c5",
                "sha256:c1f6f90dafb037905c5f2a0bdc8e66c91ebd18ca7693f4abdb34af3787042aa4",
                "sha256:c24dd52c058dd6364adc08d4d1205ed51d045f1cf9fe7297132012a9ac499743",
                "sha256:c9c742aadc625f29575f5b37180a698d095f20b587fdb393362a617252dda447",
                "sha256:db11f5d706ec14bf57fee93ae21f6b1db641302f73ff3b0668f094fa29860bd9",
                "sha256:dbc337daea7931ca209d3023ffeee980fd5de097de7b2d658642a3b7e56060da",
                "sha256:e309af85cbc421367847b8f241f336b78a38ffe0370e2b1f974a6fbcf070f667",
                "sha256:e3712b324fe56628fde0eae16a2ff0e5de5a7acd9037507c52f37a5a8c53ea7b",
                "sha256:e3fb889ca5ac912ecb6b0cb2ba3d00a2a0f71377feb96e5e0f6b731e3fd69444",
                "sha256:e4ad78533c1f48ce0fde1282a3f3032b0a1ee32ba201f2e8279911975af62a60",
                "sha256:f194897d80236a1c8201609268e3616127397647c3107cb5f9f3b7c449053aa0",
                "sha256:f1a688959d598f5601aabebe32297dee47e35d945fc3538905304ae2967fe2e3",
                "sha256:f41d8c73c028914e7214ee5691720b4fea8c3dcc5b66bdf7db4e9d6cd408d8ee",
                "sha256:fbcf41fd09139f2f27874d96a89a0de509c0e46e89cc3dc34543943e8d37232d",
                "sha256:fd4f88d75bcb834d29edb59f36af26cc2f4c274247c2e97da9e3f64fe38d22e9",
                "sha256:ff5d585e036a8eb08bfd556b4e8edd39e93fd576018ad62b0e2575a9e2c6ce58"
            ],
            "index": "pypi",
            "version": "==2.0.0"
        },
        "pygments": {
            "hashes": [
                "sha256:13fc09fa63bc8d8671a6d247e1eb303c4b343eaee81d861f3404db2935653692",
                "sha256:1daff0494820c69bc8941e407aa20f577374ee88364ee10a98fdbe0aece96e29"
            ],
            "markers": "python_version >= '3.7'",
            "version": "==2.16.1"
        },
        "pytrie": {
            "hashes": [
                "sha256:8f4488f402d3465993fb6b6efa09866849ed8cda7903b50647b7d0342b805379"
            ],
            "index": "pypi",
            "version": "==0.4.0"
        },
        "rich": {
            "hashes": [
                "sha256:146a90b3b6b47cac4a73c12866a499e9817426423f57c5a66949c086191a8808",
                "sha256:fb9d6c0a0f643c99eed3875b5377a184132ba9be4d61516a55273d3554d75a39"
            ],
            "index": "pypi",
            "version": "==13.5.2"
        },
        "sortedcontainers": {
            "hashes": [
                "sha256:25caa5a06cc30b6b83d11423433f65d1f9d76c4c6a0c90e3379eaa43b9bfdb88",
                "sha256:a163dcaede0f1c021485e957a39245190e74249897e2ae4b2aa38595db237ee0"
            ],
            "version": "==2.4.0"
        }
    },
    "develop": {}
}
